
Microsoft Visual Studio Solution File, Format Version 12.00
# Visual Studio Version 18
VisualStudioVersion = 18.7.11903.348 stable
MinimumVisualStudioVersion = 10.0.40219.1
Project("{2150E333-8FDC-42A3-9474-1A3956D46DE8}") = "_solutionsFiles", "_solutionsFiles", "{987D7C1A-2964-4FB5-8863-50B02F5ABA72}"
	ProjectSection(SolutionItems) = preProject
		OAuth_first_party_adapted_draft.md = OAuth_first_party_adapted_draft.md
		README.md = README.md
	EndProjectSection
EndProject
Project("{9A19103F-16F7-4668-BE54-9A1E7A4F7556}") = "GenerateCertificate", "src\GenerateCertificate\GenerateCertificate.csproj", "{2D02D773-B71D-4BAB-9AC0-F70DBFB4C8C1}"
EndProject
Project("{FAE04EC0-301F-11D3-BF4B-00C04F79EFBC}") = "DPoPApiDefault", "src\DPoPApiDefault\DPoPApiDefault.csproj", "{EA050747-1F4A-54F3-8B8C-891C2D156023}"
EndProject
Project("{FAE04EC0-301F-11D3-BF4B-00C04F79EFBC}") = "ConsolePerInstanceAssertionRS256", "src\ConsolePerInstanceAssertion\ConsolePerInstanceAssertionRS256.csproj", "{D97819C8-1FFD-210D-BBC9-DCA3952E0CA0}"
EndProject
Project("{FAE04EC0-301F-11D3-BF4B-00C04F79EFBC}") = "Idp", "src\Idp\Idp.csproj", "{70288A7A-3DC2-7D4C-163B-7A3016EC29A4}"
EndProject
Project("{FAE04EC0-301F-11D3-BF4B-00C04F79EFBC}") = "AuthFlow", "src\AuthFlow\AuthFlow.csproj", "{A8F2D081-7C4F-A151-C6B5-D86834A285DE}"
EndProject
Project("{FAE04EC0-301F-11D3-BF4B-00C04F79EFBC}") = "ConsolePerInstanceAssertionES256", "src\ConsolePerInstanceAssertionES256\ConsolePerInstanceAssertionES256.csproj", "{4CA3B2C4-4E9F-D92B-43F2-954D941F5264}"
EndProject
Global
	GlobalSection(SolutionConfigurationPlatforms) = preSolution
		Debug|Any CPU = Debug|Any CPU
		Release|Any CPU = Release|Any CPU
	EndGlobalSection
	GlobalSection(ProjectConfigurationPlatforms) = postSolution
		{2D02D773-B71D-4BAB-9AC0-F70DBFB4C8C1}.Debug|Any CPU.ActiveCfg = Debug|Any CPU
		{2D02D773-B71D-4BAB-9AC0-F70DBFB4C8C1}.Debug|Any CPU.Build.0 = Debug|Any CPU
		{2D02D773-B71D-4BAB-9AC0-F70DBFB4C8C1}.Release|Any CPU.ActiveCfg = Release|Any CPU
		{2D02D773-B71D-4BAB-9AC0-F70DBFB4C8C1}.Release|Any CPU.Build.0 = Release|Any CPU
		{EA050747-1F4A-54F3-8B8C-891C2D156023}.Debug|Any CPU.ActiveCfg = Debug|Any CPU
		{EA050747-1F4A-54F3-8B8C-891C2D156023}.Debug|Any CPU.Build.0 = Debug|Any CPU
		{EA050747-1F4A-54F3-8B8C-891C2D156023}.Release|Any CPU.ActiveCfg = Release|Any CPU
		{EA050747-1F4A-54F3-8B8C-891C2D156023}.Release|Any CPU.Build.0 = Release|Any CPU
		{D97819C8-1FFD-210D-BBC9-DCA3952E0CA0}.Debug|Any CPU.ActiveCfg = Debug|Any CPU
		{D97819C8-1FFD-210D-BBC9-DCA3952E0CA0}.Debug|Any CPU.Build.0 = Debug|Any CPU
		{D97819C8-1FFD-210D-BBC9-DCA3952E0CA0}.Release|Any CPU.ActiveCfg = Release|Any CPU
		{D97819C8-1FFD-210D-BBC9-DCA3952E0CA0}.Release|Any CPU.Build.0 = Release|Any CPU
		{70288A7A-3DC2-7D4C-163B-7A3016EC29A4}.Debug|Any CPU.ActiveCfg = Debug|Any CPU
		{70288A7A-3DC2-7D4C-163B-7A3016EC29A4}.Debug|Any CPU.Build.0 = Debug|Any CPU
		{70288A7A-3DC2-7D4C-163B-7A3016EC29A4}.Release|Any CPU.ActiveCfg = Release|Any CPU
		{70288A7A-3DC2-7D4C-163B-7A3016EC29A4}.Release|Any CPU.Build.0 = Release|Any CPU
		{A8F2D081-7C4F-A151-C6B5-D86834A285DE}.Debug|Any CPU.ActiveCfg = Debug|Any CPU
		{A8F2D081-7C4F-A151-C6B5-D86834A285DE}.Debug|Any CPU.Build.0 = Debug|Any CPU
		{A8F2D081-7C4F-A151-C6B5-D86834A285DE}.Release|Any CPU.ActiveCfg = Release|Any CPU
		{A8F2D081-7C4F-A151-C6B5-D86834A285DE}.Release|Any CPU.Build.0 = Release|Any CPU
		{4CA3B2C4-4E9F-D92B-43F2-954D941F5264}.Debug|Any CPU.ActiveCfg = Debug|Any CPU
		{4CA3B2C4-4E9F-D92B-43F2-954D941F5264}.Debug|Any CPU.Build.0 = Debug|Any CPU
		{4CA3B2C4-4E9F-D92B-43F2-954D941F5264}.Release|Any CPU.ActiveCfg = Release|Any CPU
		{4CA3B2C4-4E9F-D92B-43F2-954D941F5264}.Release|Any CPU.Build.0 = Release|Any CPU
	EndGlobalSection
	GlobalSection(SolutionProperties) = preSolution
		HideSolutionNode = FALSE
	EndGlobalSection
	GlobalSection(ExtensibilityGlobals) = postSolution
		SolutionGuid = {959E95E7-7961-4822-99A4-775F52595015}
	EndGlobalSection
EndGlobal
